
Microsoft Visual Studio Solution File, Format Version 12.00
# Visual Studio 14
VisualStudioVersion = 14.0.25420.1
MinimumVisualStudioVersion = 10.0.40219.1
Project("{FAE04EC0-301F-11D3-BF4B-00C04F79EFBC}") = "Eclo.STM32F4", "Eclo.STM32F4\Eclo.STM32F4.csproj", "{BECBACC7-8ED5-4434-BB7A-554C3153F378}"
EndProject
Global
	GlobalSection(SolutionConfigurationPlatforms) = preSolution
		Debug|Any CPU = Debug|Any CPU
		Release|Any CPU = Release|Any CPU
	EndGlobalSection
	GlobalSection(ProjectConfigurationPlatforms) = postSolution
		{BECBACC7-8ED5-4434-BB7A-554C3153F378}.Debug|Any CPU.ActiveCfg = Debug|Any CPU
		{BECBACC7-8ED5-4434-BB7A-554C3153F378}.Debug|Any CPU.Build.0 = Debug|Any CPU
		{BECBACC7-8ED5-4434-BB7A-554C3153F378}.Release|Any CPU.ActiveCfg = Release|Any CPU
		{BECBACC7-8ED5-4434-BB7A-554C3153F378}.Release|Any CPU.Build.0 = Release|Any CPU
	EndGlobalSection
	GlobalSection(SolutionProperties) = preSolution
		HideSolutionNode = FALSE
	EndGlobalSection
EndGlobal
